// !$*UTF8*$!
{
	archiveVersion = 1;
	classes = {
	};
	objectVersion = 56;
	objects = {

/* Begin PBXBuildFile section */
		55B1B6A52990CAC80093F354 /* SlotMachineAppApp.swift in Sources */ = {isa = PBXBuildFile; fileRef = 55B1B6A42990CAC80093F354 /* SlotMachineAppApp.swift */; };
		55B1B6A72990CAC80093F354 /* ContentView.swift in Sources */ = {isa = PBXBuildFile; fileRef = 55B1B6A62990CAC80093F354 /* ContentView.swift */; };
		55B1B6A92990CACB0093F354 /* Assets.xcassets in Resources */ = {isa = PBXBuildFile; fileRef = 55B1B6A82990CACB0093F354 /* Assets.xcassets */; };
		55B1B6AC2990CACB0093F354 /* Preview Assets.xcassets in Resources */ = {isa = PBXBuildFile; fileRef = 55B1B6AB2990CACB0093F354 /* Preview Assets.xcassets */; };
		55B1B6BA2990CEF60093F354 /* casino-chips.mp3 in Resources */ = {isa = PBXBuildFile; fileRef = 55B1B6B22990CEF50093F354 /* casino-chips.mp3 */; };
		55B1B6BB2990CEF60093F354 /* spin.mp3 in Resources */ = {isa = PBXBuildFile; fileRef = 55B1B6B32990CEF50093F354 /* spin.mp3 */; };
		55B1B6BC2990CEF60093F354 /* background-music.mp3 in Resources */ = {isa = PBXBuildFile; fileRef = 55B1B6B42990CEF60093F354 /* background-music.mp3 */; };
		55B1B6BD2990CEF60093F354 /* chimeup.mp3 in Resources */ = {isa = PBXBuildFile; fileRef = 55B1B6B52990CEF60093F354 /* chimeup.mp3 */; };
		55B1B6BE2990CEF60093F354 /* game-over.mp3 in Resources */ = {isa = PBXBuildFile; fileRef = 55B1B6B62990CEF60093F354 /* game-over.mp3 */; };
		55B1B6BF2990CEF60093F354 /* win.mp3 in Resources */ = {isa = PBXBuildFile; fileRef = 55B1B6B72990CEF60093F354 /* win.mp3 */; };
		55B1B6C02990CEF60093F354 /* high-score.mp3 in Resources */ = {isa = PBXBuildFile; fileRef = 55B1B6B82990CEF60093F354 /* high-score.mp3 */; };
		55B1B6C12990CEF60093F354 /* riseup.mp3 in Resources */ = {isa = PBXBuildFile; fileRef = 55B1B6B92990CEF60093F354 /* riseup.mp3 */; };
		55B1B6C62991BB400093F354 /* Launch Screen.storyboard in Resources */ = {isa = PBXBuildFile; fileRef = 55B1B6C52991BB400093F354 /* Launch Screen.storyboard */; };
/* End PBXBuildFile section */

/* Begin PBXFileReference section */
		55B1B6A12990CAC80093F354 /* SlotMachineApp.app */ = {isa = PBXFileReference; explicitFileType = wrapper.application; includeInIndex = 0; path = SlotMachineApp.app; sourceTree = BUILT_PRODUCTS_DIR; };
		55B1B6A42990CAC80093F354 /* SlotMachineAppApp.swift */ = {isa = PBXFileReference; lastKnownFileType = sourcecode.swift; path = SlotMachineAppApp.swift; sourceTree = "<group>"; };
		55B1B6A62990CAC80093F354 /* ContentView.swift */ = {isa = PBXFileReference; lastKnownFileType = sourcecode.swift; path = ContentView.swift; sourceTree = "<group>"; };
		55B1B6A82990CACB0093F354 /* Assets.xcassets */ = {isa = PBXFileReference; lastKnownFileType = folder.assetcatalog; path = Assets.xcassets; sourceTree = "<group>"; };
		55B1B6AB2990CACB0093F354 /* Preview Assets.xcassets */ = {isa = PBXFileReference; lastKnownFileType = folder.assetcatalog; path = "Preview Assets.xcassets"; sourceTree = "<group>"; };
		55B1B6B22990CEF50093F354 /* casino-chips.mp3 */ = {isa = PBXFileReference; lastKnownFileType = audio.mp3; path = "casino-chips.mp3"; sourceTree = "<group>"; };
		55B1B6B32990CEF50093F354 /* spin.mp3 */ = {isa = PBXFileReference; lastKnownFileType = audio.mp3; path = spin.mp3; sourceTree = "<group>"; };
		55B1B6B42990CEF60093F354 /* background-music.mp3 */ = {isa = PBXFileReference; lastKnownFileType = audio.mp3; path = "background-music.mp3"; sourceTree = "<group>"; };
		55B1B6B52990CEF60093F354 /* chimeup.mp3 */ = {isa = PBXFileReference; lastKnownFileType = audio.mp3; path = chimeup.mp3; sourceTree = "<group>"; };
		55B1B6B62990CEF60093F354 /* game-over.mp3 */ = {isa = PBXFileReference; lastKnownFileType = audio.mp3; path = "game-over.mp3"; sourceTree = "<group>"; };
		55B1B6B72990CEF60093F354 /* win.mp3 */ = {isa = PBXFileReference; lastKnownFileType = audio.mp3; path = win.mp3; sourceTree = "<group>"; };
		55B1B6B82990CEF60093F354 /* high-score.mp3 */ = {isa = PBXFileReference; lastKnownFileType = audio.mp3; path = "high-score.mp3"; sourceTree = "<group>"; };
		55B1B6B92990CEF60093F354 /* riseup.mp3 */ = {isa = PBXFileReference; lastKnownFileType = audio.mp3; path = riseup.mp3; sourceTree = "<group>"; };
		55B1B6C52991BB400093F354 /* Launch Screen.storyboard */ = {isa = PBXFileReference; lastKnownFileType = file.storyboard; path = "Launch Screen.storyboard"; sourceTree = "<group>"; };
/* End PBXFileReference section */

/* Begin PBXFrameworksBuildPhase section */
		55B1B69E2990CAC80093F354 /* Frameworks */ = {
			isa = PBXFrameworksBuildPhase;
			buildActionMask = 2147483647;
			files = (
			);
			runOnlyForDeploymentPostprocessing = 0;
		};
/* End PBXFrameworksBuildPhase section */

/* Begin PBXGroup section */
		55B1B6982990CAC80093F354 = {
			isa = PBXGroup;
			children = (
				55B1B6A32990CAC80093F354 /* SlotMachineApp */,
				55B1B6A22990CAC80093F354 /* Products */,
			);
			sourceTree = "<group>";
		};
		55B1B6A22990CAC80093F354 /* Products */ = {
			isa = PBXGroup;
			children = (
				55B1B6A12990CAC80093F354 /* SlotMachineApp.app */,
			);
			name = Products;
			sourceTree = "<group>";
		};
		55B1B6A32990CAC80093F354 /* SlotMachineApp */ = {
			isa = PBXGroup;
			children = (
				55B1B6C32990CF5C0093F354 /* Views */,
				55B1B6C42990CFDA0093F354 /* Helpers */,
				55B1B6C22990CF090093F354 /* Sounds */,
				55B1B6A42990CAC80093F354 /* SlotMachineAppApp.swift */,
				55B1B6A82990CACB0093F354 /* Assets.xcassets */,
				55B1B6AA2990CACB0093F354 /* Preview Content */,
			);
			path = SlotMachineApp;
			sourceTree = "<group>";
		};
		55B1B6AA2990CACB0093F354 /* Preview Content */ = {
			isa = PBXGroup;
			children = (
				55B1B6AB2990CACB0093F354 /* Preview Assets.xcassets */,
			);
			path = "Preview Content";
			sourceTree = "<group>";
		};
		55B1B6C22990CF090093F354 /* Sounds */ = {
			isa = PBXGroup;
			children = (
				55B1B6B42990CEF60093F354 /* background-music.mp3 */,
				55B1B6B22990CEF50093F354 /* casino-chips.mp3 */,
				55B1B6B52990CEF60093F354 /* chimeup.mp3 */,
				55B1B6B62990CEF60093F354 /* game-over.mp3 */,
				55B1B6B82990CEF60093F354 /* high-score.mp3 */,
				55B1B6B92990CEF60093F354 /* riseup.mp3 */,
				55B1B6B32990CEF50093F354 /* spin.mp3 */,
				55B1B6B72990CEF60093F354 /* win.mp3 */,
			);
			path = Sounds;
			sourceTree = "<group>";
		};
		55B1B6C32990CF5C0093F354 /* Views */ = {
			isa = PBXGroup;
			children = (
				55B1B6A62990CAC80093F354 /* ContentView.swift */,
				55B1B6C52991BB400093F354 /* Launch Screen.storyboard */,
			);
			path = Views;
			sourceTree = "<group>";
		};
		55B1B6C42990CFDA0093F354 /* Helpers */ = {
			isa = PBXGroup;
			children = (
			);
			path = Helpers;
			sourceTree = "<group>";
		};
/* End PBXGroup section */

/* Begin PBXNativeTarget section */
		55B1B6A02990CAC80093F354 /* SlotMachineApp */ = {
			isa = PBXNativeTarget;
			buildConfigurationList = 55B1B6AF2990CACB0093F354 /* Build configuration list for PBXNativeTarget "SlotMachineApp" */;
			buildPhases = (
				55B1B69D2990CAC80093F354 /* Sources */,
				55B1B69E2990CAC80093F354 /* Frameworks */,
				55B1B69F2990CAC80093F354 /* Resources */,
			);
			buildRules = (
			);
			dependencies = (
			);
			name = SlotMachineApp;
			productName = SlotMachineApp;
			productReference = 55B1B6A12990CAC80093F354 /* SlotMachineApp.app */;
			productType = "com.apple.product-type.application";
		};
/* End PBXNativeTarget section */

/* Begin PBXProject section */
		55B1B6992990CAC80093F354 /* Project object */ = {
			isa = PBXProject;
			attributes = {
				BuildIndependentTargetsInParallel = 1;
				LastSwiftUpdateCheck = 1410;
				LastUpgradeCheck = 1410;
				TargetAttributes = {
					55B1B6A02990CAC80093F354 = {
						CreatedOnToolsVersion = 14.1;
					};
				};
			};
			buildConfigurationList = 55B1B69C2990CAC80093F354 /* Build configuration list for PBXProject "SlotMachineApp" */;
			compatibilityVersion = "Xcode 14.0";
			developmentRegion = en;
			hasScannedForEncodings = 0;
			knownRegions = (
				en,
				Base,
			);
			mainGroup = 55B1B6982990CAC80093F354;
			productRefGroup = 55B1B6A22990CAC80093F354 /* Products */;
			projectDirPath = "";
			projectRoot = "";
			targets = (
				55B1B6A02990CAC80093F354 /* SlotMachineApp */,
			);
		};
/* End PBXProject section */

/* Begin PBXResourcesBuildPhase section */
		55B1B69F2990CAC80093F354 /* Resources */ = {
			isa = PBXResourcesBuildPhase;
			buildActionMask = 2147483647;
			files = (
				55B1B6BD2990CEF60093F354 /* chimeup.mp3 in Resources */,
				55B1B6BB2990CEF60093F354 /* spin.mp3 in Resources */,
				55B1B6AC2990CACB0093F354 /* Preview Assets.xcassets in Resources */,
				55B1B6BF2990CEF60093F354 /* win.mp3 in Resources */,
				55B1B6BC2990CEF60093F354 /* background-music.mp3 in Resources */,
				55B1B6BE2990CEF60093F354 /* game-over.mp3 in Resources */,
				55B1B6C62991BB400093F354 /* Launch Screen.storyboard in Resources */,
				55B1B6A92990CACB0093F354 /* Assets.xcassets in Resources */,
				55B1B6BA2990CEF60093F354 /* casino-chips.mp3 in Resources */,
				55B1B6C12990CEF60093F354 /* riseup.mp3 in Resources */,
				55B1B6C02990CEF60093F354 /* high-score.mp3 in Resources */,
			);
			runOnlyForDeploymentPostprocessing = 0;
		};
/* End PBXResourcesBuildPhase section */

/* Begin PBXSourcesBuildPhase section */
		55B1B69D2990CAC80093F354 /* Sources */ = {
			isa = PBXSourcesBuildPhase;
			buildActionMask = 2147483647;
			files = (
				55B1B6A72990CAC80093F354 /* ContentView.swift in Sources */,
				55B1B6A52990CAC80093F354 /* SlotMachineAppApp.swift in Sources */,
			);
			runOnlyForDeploymentPostprocessing = 0;
		};
/* End PBXSourcesBuildPhase section */

/* Begin XCBuildConfiguration section */
		55B1B6AD2990CACB0093F354 /* Debug */ = {
			isa = XCBuildConfiguration;
			buildSettings = {
				ALWAYS_SEARCH_USER_PATHS = NO;
				CLANG_ANALYZER_NONNULL = YES;
				CLANG_ANALYZER_NUMBER_OBJECT_CONVERSION = YES_AGGRESSIVE;
				CLANG_CXX_LANGUAGE_STANDARD = "gnu++20";
				CLANG_ENABLE_MODULES = YES;
				CLANG_ENABLE_OBJC_ARC = YES;
				CLANG_ENABLE_OBJC_WEAK = YES;
				CLANG_WARN_BLOCK_CAPTURE_AUTORELEASING = YES;
				CLANG_WARN_BOOL_CONVERSION = YES;
				CLANG_WARN_COMMA = YES;
				CLANG_WARN_CONSTANT_CONVERSION = YES;
				CLANG_WARN_DEPRECATED_OBJC_IMPLEMENTATIONS = YES;
				CLANG_WARN_DIRECT_OBJC_ISA_USAGE = YES_ERROR;
				CLANG_WARN_DOCUMENTATION_COMMENTS = YES;
				CLANG_WARN_EMPTY_BODY = YES;
				CLANG_WARN_ENUM_CONVERSION = YES;
				CLANG_WARN_INFINITE_RECURSION = YES;
				CLANG_WARN_INT_CONVERSION = YES;
				CLANG_WARN_NON_LITERAL_NULL_CONVERSION = YES;
				CLANG_WARN_OBJC_IMPLICIT_RETAIN_SELF = YES;
				CLANG_WARN_OBJC_LITERAL_CONVERSION = YES;
				CLANG_WARN_OBJC_ROOT_CLASS = YES_ERROR;
				CLANG_WARN_QUOTED_INCLUDE_IN_FRAMEWORK_HEADER = YES;
				CLANG_WARN_RANGE_LOOP_ANALYSIS = YES;
				CLANG_WARN_STRICT_PROTOTYPES = YES;
				CLANG_WARN_SUSPICIOUS_MOVE = YES;
				CLANG_WARN_UNGUARDED_AVAILABILITY = YES_AGGRESSIVE;
				CLANG_WARN_UNREACHABLE_CODE = YES;
				CLANG_WARN__DUPLICATE_METHOD_MATCH = YES;
				COPY_PHASE_STRIP = NO;
				DEBUG_INFORMATION_FORMAT = dwarf;
				ENABLE_STRICT_OBJC_MSGSEND = YES;
				ENABLE_TESTABILITY = YES;
				GCC_C_LANGUAGE_STANDARD = gnu11;
				GCC_DYNAMIC_NO_PIC = NO;
				GCC_NO_COMMON_BLOCKS = YES;
				GCC_OPTIMIZATION_LEVEL = 0;
				GCC_PREPROCESSOR_DEFINITIONS = (
					"DEBUG=1",
					"$(inherited)",
				);
				GCC_WARN_64_TO_32_BIT_CONVERSION = YES;
				GCC_WARN_ABOUT_RETURN_TYPE = YES_ERROR;
				GCC_WARN_UNDECLARED_SELECTOR = YES;
				GCC_WARN_UNINITIALIZED_AUTOS = YES_AGGRESSIVE;
				GCC_WARN_UNUSED_FUNCTION = YES;
				GCC_WARN_UNUSED_VARIABLE = YES;
				IPHONEOS_DEPLOYMENT_TARGET = 16.1;
				MTL_ENABLE_DEBUG_INFO = INCLUDE_SOURCE;
				MTL_FAST_MATH = YES;
				ONLY_ACTIVE_ARCH = YES;
				SDKROOT = iphoneos;
				SWIFT_ACTIVE_COMPILATION_CONDITIONS = DEBUG;
				SWIFT_OPTIMIZATION_LEVEL = "-Onone";
			};
			name = Debug;
		};
		55B1B6AE2990CACB0093F354 /* Release */ = {
			isa = XCBuildConfiguration;
			buildSettings = {
				ALWAYS_SEARCH_USER_PATHS = NO;
				CLANG_ANALYZER_NONNULL = YES;
				CLANG_ANALYZER_NUMBER_OBJECT_CONVERSION = YES_AGGRESSIVE;
				CLANG_CXX_LANGUAGE_STANDARD = "gnu++20";
				CLANG_ENABLE_MODULES = YES;
				CLANG_ENABLE_OBJC_ARC = YES;
				CLANG_ENABLE_OBJC_WEAK = YES;
				CLANG_WARN_BLOCK_CAPTURE_AUTORELEASING = YES;
				CLANG_WARN_BOOL_CONVERSION = YES;
				CLANG_WARN_COMMA = YES;
				CLANG_WARN_CONSTANT_CONVERSION = YES;
				CLANG_WARN_DEPRECATED_OBJC_IMPLEMENTATIONS = YES;
				CLANG_WARN_DIRECT_OBJC_ISA_USAGE = YES_ERROR;
				CLANG_WARN_DOCUMENTATION_COMMENTS = YES;
				CLANG_WARN_EMPTY_BODY = YES;
				CLANG_WARN_ENUM_CONVERSION = YES;
				CLANG_WARN_INFINITE_RECURSION = YES;
				CLANG_WARN_INT_CONVERSION = YES;
				CLANG_WARN_NON_LITERAL_NULL_CONVERSION = YES;
				CLANG_WARN_OBJC_IMPLICIT_RETAIN_SELF = YES;
				CLANG_WARN_OBJC_LITERAL_CONVERSION = YES;
				CLANG_WARN_OBJC_ROOT_CLASS = YES_ERROR;
				CLANG_WARN_QUOTED_INCLUDE_IN_FRAMEWORK_HEADER = YES;
				CLANG_WARN_RANGE_LOOP_ANALYSIS = YES;
				CLANG_WARN_STRICT_PROTOTYPES = YES;
				CLANG_WARN_SUSPICIOUS_MOVE = YES;
				CLANG_WARN_UNGUARDED_AVAILABILITY = YES_AGGRESSIVE;
				CLANG_WARN_UNREACHABLE_CODE = YES;
				CLANG_WARN__DUPLICATE_METHOD_MATCH = YES;
				COPY_PHASE_STRIP = NO;
				DEBUG_INFORMATION_FORMAT = "dwarf-with-dsym";
				ENABLE_NS_ASSERTIONS = NO;
				ENABLE_STRICT_OBJC_MSGSEND = YES;
				GCC_C_LANGUAGE_STANDARD = gnu11;
				GCC_NO_COMMON_BLOCKS = YES;
				GCC_WARN_64_TO_32_BIT_CONVERSION = YES;
				GCC_WARN_ABOUT_RETURN_TYPE = YES_ERROR;
				GCC_WARN_UNDECLARED_SELECTOR = YES;
				GCC_WARN_UNINITIALIZED_AUTOS = YES_AGGRESSIVE;
				GCC_WARN_UNUSED_FUNCTION = YES;
				GCC_WARN_UNUSED_VARIABLE = YES;
				IPHONEOS_DEPLOYMENT_TARGET = 16.1;
				MTL_ENABLE_DEBUG_INFO = NO;
				MTL_FAST_MATH = YES;
				SDKROOT = iphoneos;
				SWIFT_COMPILATION_MODE = wholemodule;
				SWIFT_OPTIMIZATION_LEVEL = "-O";
				VALIDATE_PRODUCT = YES;
			};
			name = Release;
		};
		55B1B6B02990CACB0093F354 /* Debug */ = {
			isa = XCBuildConfiguration;
			buildSettings = {
				ASSETCATALOG_COMPILER_APPICON_NAME = AppIcon;
				ASSETCATALOG_COMPILER_GLOBAL_ACCENT_COLOR_NAME = AccentColor;
				CODE_SIGN_STYLE = Automatic;
				CURRENT_PROJECT_VERSION = 1;
				DEVELOPMENT_ASSET_PATHS = "\"SlotMachineApp/Preview Content\"";
				DEVELOPMENT_TEAM = Z8J9NPL68D;
				ENABLE_PREVIEWS = YES;
				GENERATE_INFOPLIST_FILE = YES;
				INFOPLIST_KEY_UIApplicationSceneManifest_Generation = YES;
				INFOPLIST_KEY_UIApplicationSupportsIndirectInputEvents = YES;
				INFOPLIST_KEY_UILaunchScreen_Generation = YES;
				INFOPLIST_KEY_UISupportedInterfaceOrientations_iPad = "UIInterfaceOrientationPortrait UIInterfaceOrientationPortraitUpsideDown UIInterfaceOrientationLandscapeLeft UIInterfaceOrientationLandscapeRight";
				INFOPLIST_KEY_UISupportedInterfaceOrientations_iPhone = "UIInterfaceOrientationPortrait UIInterfaceOrientationLandscapeLeft UIInterfaceOrientationLandscapeRight";
				LD_RUNPATH_SEARCH_PATHS = (
					"$(inherited)",
					"@executable_path/Frameworks",
				);
				MARKETING_VERSION = 1.0;
				PRODUCT_BUNDLE_IDENTIFIER = ca.centennialcollege.SlotMachineApp;
				PRODUCT_NAME = "$(TARGET_NAME)";
				SWIFT_EMIT_LOC_STRINGS = YES;
				SWIFT_VERSION = 5.0;
				TARGETED_DEVICE_FAMILY = "1,2";
			};
			name = Debug;
		};
		55B1B6B12990CACB0093F354 /* Release */ = {
			isa = XCBuildConfiguration;
			buildSettings = {
				ASSETCATALOG_COMPILER_APPICON_NAME = AppIcon;
				ASSETCATALOG_COMPILER_GLOBAL_ACCENT_COLOR_NAME = AccentColor;
				CODE_SIGN_STYLE = Automatic;
				CURRENT_PROJECT_VERSION = 1;
				DEVELOPMENT_ASSET_PATHS = "\"SlotMachineApp/Preview Content\"";
				DEVELOPMENT_TEAM = Z8J9NPL68D;
				ENABLE_PREVIEWS = YES;
				GENERATE_INFOPLIST_FILE = YES;
				INFOPLIST_KEY_UIApplicationSceneManifest_Generation = YES;
				INFOPLIST_KEY_UIApplicationSupportsIndirectInputEvents = YES;
				INFOPLIST_KEY_UILaunchScreen_Generation = YES;
				INFOPLIST_KEY_UISupportedInterfaceOrientations_iPad = "UIInterfaceOrientationPortrait UIInterfaceOrientationPortraitUpsideDown UIInterfaceOrientationLandscapeLeft UIInterfaceOrientationLandscapeRight";
				INFOPLIST_KEY_UISupportedInterfaceOrientations_iPhone = "UIInterfaceOrientationPortrait UIInterfaceOrientationLandscapeLeft UIInterfaceOrientationLandscapeRight";
				LD_RUNPATH_SEARCH_PATHS = (
					"$(inherited)",
					"@executable_path/Frameworks",
				);
				MARKETING_VERSION = 1.0;
				PRODUCT_BUNDLE_IDENTIFIER = ca.centennialcollege.SlotMachineApp;
				PRODUCT_NAME = "$(TARGET_NAME)";
				SWIFT_EMIT_LOC_STRINGS = YES;
				SWIFT_VERSION = 5.0;
				TARGETED_DEVICE_FAMILY = "1,2";
			};
			name = Release;
		};
/* End XCBuildConfiguration section */

/* Begin XCConfigurationList section */
		55B1B69C2990CAC80093F354 /* Build configuration list for PBXProject "SlotMachineApp" */ = {
			isa = XCConfigurationList;
			buildConfigurations = (
				55B1B6AD2990CACB0093F354 /* Debug */,
				55B1B6AE2990CACB0093F354 /* Release */,
			);
			defaultConfigurationIsVisible = 0;
			defaultConfigurationName = Release;
		};
		55B1B6AF2990CACB0093F354 /* Build configuration list for PBXNativeTarget "SlotMachineApp" */ = {
			isa = XCConfigurationList;
			buildConfigurations = (
				55B1B6B02990CACB0093F354 /* Debug */,
				55B1B6B12990CACB0093F354 /* Release */,
			);
			defaultConfigurationIsVisible = 0;
			defaultConfigurationName = Release;
		};
/* End XCConfigurationList section */
	};
	rootObject = 55B1B6992990CAC80093F354 /* Project object */;
}
